// !$*UTF8*$!
{
	archiveVersion = 1;
	classes = {
	};
	objectVersion = 50;
	objects = {

/* Begin PBXBuildFile section */
		D9156D10225F63CB00EA63EC /* AppDelegate.m in Sources */ = {isa = PBXBuildFile; fileRef = D9156D0F225F63CB00EA63EC /* AppDelegate.m */; };
		D9156D13225F63CB00EA63EC /* ViewController.m in Sources */ = {isa = PBXBuildFile; fileRef = D9156D12225F63CB00EA63EC /* ViewController.m */; };
		D9156D16225F63CB00EA63EC /* Main.storyboard in Resources */ = {isa = PBXBuildFile; fileRef = D9156D14225F63CB00EA63EC /* Main.storyboard */; };
		D9156D18225F63CC00EA63EC /* Assets.xcassets in Resources */ = {isa = PBXBuildFile; fileRef = D9156D17225F63CC00EA63EC /* Assets.xcassets */; };
		D9156D1B225F63CC00EA63EC /* LaunchScreen.storyboard in Resources */ = {isa = PBXBuildFile; fileRef = D9156D19225F63CC00EA63EC /* LaunchScreen.storyboard */; };
		D9156D1E225F63CC00EA63EC /* main.m in Sources */ = {isa = PBXBuildFile; fileRef = D9156D1D225F63CC00EA63EC /* main.m */; };
/* End PBXBuildFile section */

/* Begin PBXFileReference section */
		D9156D0B225F63CB00EA63EC /* HDZoomCollectionView.app */ = {isa = PBXFileReference; explicitFileType = wrapper.application; includeInIndex = 0; path = HDZoomCollectionView.app; sourceTree = BUILT_PRODUCTS_DIR; };
		D9156D0E225F63CB00EA63EC /* AppDelegate.h */ = {isa = PBXFileReference; lastKnownFileType = sourcecode.c.h; path = AppDelegate.h; sourceTree = "<group>"; };
		D9156D0F225F63CB00EA63EC /* AppDelegate.m */ = {isa = PBXFileReference; lastKnownFileType = sourcecode.c.objc; path = AppDelegate.m; sourceTree = "<group>"; };
		D9156D11225F63CB00EA63EC /* ViewController.h */ = {isa = PBXFileReference; lastKnownFileType = sourcecode.c.h; path = ViewController.h; sourceTree = "<group>"; };
		D9156D12225F63CB00EA63EC /* ViewController.m */ = {isa = PBXFileReference; lastKnownFileType = sourcecode.c.objc; path = ViewController.m; sourceTree = "<group>"; };
		D9156D15225F63CB00EA63EC /* Base */ = {isa = PBXFileReference; lastKnownFileType = file.storyboard; name = Base; path = Base.lproj/Main.storyboard; sourceTree = "<group>"; };
		D9156D17225F63CC00EA63EC /* Assets.xcassets */ = {isa = PBXFileReference; lastKnownFileType = folder.assetcatalog; path = Assets.xcassets; sourceTree = "<group>"; };
		D9156D1A225F63CC00EA63EC /* Base */ = {isa = PBXFileReference; lastKnownFileType = file.storyboard; name = Base; path = Base.lproj/LaunchScreen.storyboard; sourceTree = "<group>"; };
		D9156D1C225F63CC00EA63EC /* Info.plist */ = {isa = PBXFileReference; lastKnownFileType = text.plist.xml; path = Info.plist; sourceTree = "<group>"; };
		D9156D1D225F63CC00EA63EC /* main.m */ = {isa = PBXFileReference; lastKnownFileType = sourcecode.c.objc; path = main.m; sourceTree = "<group>"; };
/* End PBXFileReference section */

/* Begin PBXFrameworksBuildPhase section */
		D9156D08225F63CB00EA63EC /* Frameworks */ = {
			isa = PBXFrameworksBuildPhase;
			buildActionMask = 2147483647;
			files = (
			);
			runOnlyForDeploymentPostprocessing = 0;
		};
/* End PBXFrameworksBuildPhase section */

/* Begin PBXGroup section */
		D9156D02225F63CB00EA63EC = {
			isa = PBXGroup;
			children = (
				D9156D0D225F63CB00EA63EC /* HDZoomCollectionView */,
				D9156D0C225F63CB00EA63EC /* Products */,
			);
			sourceTree = "<group>";
		};
		D9156D0C225F63CB00EA63EC /* Products */ = {
			isa = PBXGroup;
			children = (
				D9156D0B225F63CB00EA63EC /* HDZoomCollectionView.app */,
			);
			name = Products;
			sourceTree = "<group>";
		};
		D9156D0D225F63CB00EA63EC /* HDZoomCollectionView */ = {
			isa = PBXGroup;
			children = (
				D9156D0E225F63CB00EA63EC /* AppDelegate.h */,
				D9156D0F225F63CB00EA63EC /* AppDelegate.m */,
				D9156D11225F63CB00EA63EC /* ViewController.h */,
				D9156D12225F63CB00EA63EC /* ViewController.m */,
				D9156D14225F63CB00EA63EC /* Main.storyboard */,
				D9156D17225F63CC00EA63EC /* Assets.xcassets */,
				D9156D19225F63CC00EA63EC /* LaunchScreen.storyboard */,
				D9156D1C225F63CC00EA63EC /* Info.plist */,
				D9156D1D225F63CC00EA63EC /* main.m */,
			);
			path = HDZoomCollectionView;
			sourceTree = "<group>";
		};
/* End PBXGroup section */

/* Begin PBXNativeTarget section */
		D9156D0A225F63CB00EA63EC /* HDZoomCollectionView */ = {
			isa = PBXNativeTarget;
			buildConfigurationList = D9156D21225F63CC00EA63EC /* Build configuration list for PBXNativeTarget "HDZoomCollectionView" */;
			buildPhases = (
				D9156D07225F63CB00EA63EC /* Sources */,
				D9156D08225F63CB00EA63EC /* Frameworks */,
				D9156D09225F63CB00EA63EC /* Resources */,
			);
			buildRules = (
			);
			dependencies = (
			);
			name = HDZoomCollectionView;
			productName = HDZoomCollectionView;
			productReference = D9156D0B225F63CB00EA63EC /* HDZoomCollectionView.app */;
			productType = "com.apple.product-type.application";
		};
/* End PBXNativeTarget section */

/* Begin PBXProject section */
		D9156D03225F63CB00EA63EC /* Project object */ = {
			isa = PBXProject;
			attributes = {
				LastUpgradeCheck = 1010;
				ORGANIZATIONNAME = harry;
				TargetAttributes = {
					D9156D0A225F63CB00EA63EC = {
						CreatedOnToolsVersion = 10.1;
					};
				};
			};
			buildConfigurationList = D9156D06225F63CB00EA63EC /* Build configuration list for PBXProject "HDZoomCollectionView" */;
			compatibilityVersion = "Xcode 9.3";
			developmentRegion = en;
			hasScannedForEncodings = 0;
			knownRegions = (
				en,
				Base,
			);
			mainGroup = D9156D02225F63CB00EA63EC;
			productRefGroup = D9156D0C225F63CB00EA63EC /* Products */;
			projectDirPath = "";
			projectRoot = "";
			targets = (
				D9156D0A225F63CB00EA63EC /* HDZoomCollectionView */,
			);
		};
/* End PBXProject section */

/* Begin PBXResourcesBuildPhase section */
		D9156D09225F63CB00EA63EC /* Resources */ = {
			isa = PBXResourcesBuildPhase;
			buildActionMask = 2147483647;
			files = (
				D9156D1B225F63CC00EA63EC /* LaunchScreen.storyboard in Resources */,
				D9156D18225F63CC00EA63EC /* Assets.xcassets in Resources */,
				D9156D16225F63CB00EA63EC /* Main.storyboard in Resources */,
			);
			runOnlyForDeploymentPostprocessing = 0;
		};
/* End PBXResourcesBuildPhase section */

/* Begin PBXSourcesBuildPhase section */
		D9156D07225F63CB00EA63EC /* Sources */ = {
			isa = PBXSourcesBuildPhase;
			buildActionMask = 2147483647;
			files = (
				D9156D13225F63CB00EA63EC /* ViewController.m in Sources */,
				D9156D1E225F63CC00EA63EC /* main.m in Sources */,
				D9156D10225F63CB00EA63EC /* AppDelegate.m in Sources */,
			);
			runOnlyForDeploymentPostprocessing = 0;
		};
/* End PBXSourcesBuildPhase section */

/* Begin PBXVariantGroup section */
		D9156D14225F63CB00EA63EC /* Main.storyboard */ = {
			isa = PBXVariantGroup;
			children = (
				D9156D15225F63CB00EA63EC /* Base */,
			);
			name = Main.storyboard;
			sourceTree = "<group>";
		};
		D9156D19225F63CC00EA63EC /* LaunchScreen.storyboard */ = {
			isa = PBXVariantGroup;
			children = (
				D9156D1A225F63CC00EA63EC /* Base */,
			);
			name = LaunchScreen.storyboard;
			sourceTree = "<group>";
		};
/* End PBXVariantGroup section */

/* Begin XCBuildConfiguration section */
		D9156D1F225F63CC00EA63EC /* Debug */ = {
			isa = XCBuildConfiguration;
			buildSettings = {
				ALWAYS_SEARCH_USER_PATHS = NO;
				CLANG_ANALYZER_NONNULL = YES;
				CLANG_ANALYZER_NUMBER_OBJECT_CONVERSION = YES_AGGRESSIVE;
				CLANG_CXX_LANGUAGE_STANDARD = "gnu++14";
				CLANG_CXX_LIBRARY = "libc++";
				CLANG_ENABLE_MODULES = YES;
				CLANG_ENABLE_OBJC_ARC = YES;
				CLANG_ENABLE_OBJC_WEAK = YES;
				CLANG_WARN_BLOCK_CAPTURE_AUTORELEASING = YES;
				CLANG_WARN_BOOL_CONVERSION = YES;
				CLANG_WARN_COMMA = YES;
				CLANG_WARN_CONSTANT_CONVERSION = YES;
				CLANG_WARN_DEPRECATED_OBJC_IMPLEMENTATIONS = YES;
				CLANG_WARN_DIRECT_OBJC_ISA_USAGE = YES_ERROR;
				CLANG_WARN_DOCUMENTATION_COMMENTS = YES;
				CLANG_WARN_EMPTY_BODY = YES;
				CLANG_WARN_ENUM_CONVERSION = YES;
				CLANG_WARN_INFINITE_RECURSION = YES;
				CLANG_WARN_INT_CONVERSION = YES;
				CLANG_WARN_NON_LITERAL_NULL_CONVERSION = YES;
				CLANG_WARN_OBJC_IMPLICIT_RETAIN_SELF = YES;
				CLANG_WARN_OBJC_LITERAL_CONVERSION = YES;
				CLANG_WARN_OBJC_ROOT_CLASS = YES_ERROR;
				CLANG_WARN_RANGE_LOOP_ANALYSIS = YES;
				CLANG_WARN_STRICT_PROTOTYPES = YES;
				CLANG_WARN_SUSPICIOUS_MOVE = YES;
				CLANG_WARN_UNGUARDED_AVAILABILITY = YES_AGGRESSIVE;
				CLANG_WARN_UNREACHABLE_CODE = YES;
				CLANG_WARN__DUPLICATE_METHOD_MATCH = YES;
				CODE_SIGN_IDENTITY = "iPhone Developer";
				COPY_PHASE_STRIP = NO;
				DEBUG_INFORMATION_FORMAT = dwarf;
				ENABLE_STRICT_OBJC_MSGSEND = YES;
				ENABLE_TESTABILITY = YES;
				GCC_C_LANGUAGE_STANDARD = gnu11;
				GCC_DYNAMIC_NO_PIC = NO;
				GCC_NO_COMMON_BLOCKS = YES;
				GCC_OPTIMIZATION_LEVEL = 0;
				GCC_PREPROCESSOR_DEFINITIONS = (
					"DEBUG=1",
					"$(inherited)",
				);
				GCC_WARN_64_TO_32_BIT_CONVERSION = YES;
				GCC_WARN_ABOUT_RETURN_TYPE = YES_ERROR;
				GCC_WARN_UNDECLARED_SELECTOR = YES;
				GCC_WARN_UNINITIALIZED_AUTOS = YES_AGGRESSIVE;
				GCC_WARN_UNUSED_FUNCTION = YES;
				GCC_WARN_UNUSED_VARIABLE = YES;
				IPHONEOS_DEPLOYMENT_TARGET = 12.1;
				MTL_ENABLE_DEBUG_INFO = INCLUDE_SOURCE;
				MTL_FAST_MATH = YES;
				ONLY_ACTIVE_ARCH = YES;
				SDKROOT = iphoneos;
			};
			name = Debug;
		};
		D9156D20225F63CC00EA63EC /* Release */ = {
			isa = XCBuildConfiguration;
			buildSettings = {
				ALWAYS_SEARCH_USER_PATHS = NO;
				CLANG_ANALYZER_NONNULL = YES;
				CLANG_ANALYZER_NUMBER_OBJECT_CONVERSION = YES_AGGRESSIVE;
				CLANG_CXX_LANGUAGE_STANDARD = "gnu++14";
				CLANG_CXX_LIBRARY = "libc++";
				CLANG_ENABLE_MODULES = YES;
				CLANG_ENABLE_OBJC_ARC = YES;
				CLANG_ENABLE_OBJC_WEAK = YES;
				CLANG_WARN_BLOCK_CAPTURE_AUTORELEASING = YES;
				CLANG_WARN_BOOL_CONVERSION = YES;
				CLANG_WARN_COMMA = YES;
				CLANG_WARN_CONSTANT_CONVERSION = YES;
				CLANG_WARN_DEPRECATED_OBJC_IMPLEMENTATIONS = YES;
				CLANG_WARN_DIRECT_OBJC_ISA_USAGE = YES_ERROR;
				CLANG_WARN_DOCUMENTATION_COMMENTS = YES;
				CLANG_WARN_EMPTY_BODY = YES;
				CLANG_WARN_ENUM_CONVERSION = YES;
				CLANG_WARN_INFINITE_RECURSION = YES;
				CLANG_WARN_INT_CONVERSION = YES;
				CLANG_WARN_NON_LITERAL_NULL_CONVERSION = YES;
				CLANG_WARN_OBJC_IMPLICIT_RETAIN_SELF = YES;
				CLANG_WARN_OBJC_LITERAL_CONVERSION = YES;
				CLANG_WARN_OBJC_ROOT_CLASS = YES_ERROR;
				CLANG_WARN_RANGE_LOOP_ANALYSIS = YES;
				CLANG_WARN_STRICT_PROTOTYPES = YES;
				CLANG_WARN_SUSPICIOUS_MOVE = YES;
				CLANG_WARN_UNGUARDED_AVAILABILITY = YES_AGGRESSIVE;
				CLANG_WARN_UNREACHABLE_CODE = YES;
				CLANG_WARN__DUPLICATE_METHOD_MATCH = YES;
				CODE_SIGN_IDENTITY = "iPhone Developer";
				COPY_PHASE_STRIP = NO;
				DEBUG_INFORMATION_FORMAT = "dwarf-with-dsym";
				ENABLE_NS_ASSERTIONS = NO;
				ENABLE_STRICT_OBJC_MSGSEND = YES;
				GCC_C_LANGUAGE_STANDARD = gnu11;
				GCC_NO_COMMON_BLOCKS = YES;
				GCC_WARN_64_TO_32_BIT_CONVERSION = YES;
				GCC_WARN_ABOUT_RETURN_TYPE = YES_ERROR;
				GCC_WARN_UNDECLARED_SELECTOR = YES;
				GCC_WARN_UNINITIALIZED_AUTOS = YES_AGGRESSIVE;
				GCC_WARN_UNUSED_FUNCTION = YES;
				GCC_WARN_UNUSED_VARIABLE = YES;
				IPHONEOS_DEPLOYMENT_TARGET = 12.1;
				MTL_ENABLE_DEBUG_INFO = NO;
				MTL_FAST_MATH = YES;
				SDKROOT = iphoneos;
				VALIDATE_PRODUCT = YES;
			};
			name = Release;
		};
		D9156D22225F63CC00EA63EC /* Debug */ = {
			isa = XCBuildConfiguration;
			buildSettings = {
				ASSETCATALOG_COMPILER_APPICON_NAME = AppIcon;
				CODE_SIGN_STYLE = Automatic;
				DEVELOPMENT_TEAM = HQ353LFGTA;
				INFOPLIST_FILE = HDZoomCollectionView/Info.plist;
				LD_RUNPATH_SEARCH_PATHS = (
					"$(inherited)",
					"@executable_path/Frameworks",
				);
				PRODUCT_BUNDLE_IDENTIFIER = com.harry.HDZoomCollectionView;
				PRODUCT_NAME = "$(TARGET_NAME)";
				TARGETED_DEVICE_FAMILY = "1,2";
			};
			name = Debug;
		};
		D9156D23225F63CC00EA63EC /* Release */ = {
			isa = XCBuildConfiguration;
			buildSettings = {
				ASSETCATALOG_COMPILER_APPICON_NAME = AppIcon;
				CODE_SIGN_STYLE = Automatic;
				DEVELOPMENT_TEAM = HQ353LFGTA;
				INFOPLIST_FILE = HDZoomCollectionView/Info.plist;
				LD_RUNPATH_SEARCH_PATHS = (
					"$(inherited)",
					"@executable_path/Frameworks",
				);
				PRODUCT_BUNDLE_IDENTIFIER = com.harry.HDZoomCollectionView;
				PRODUCT_NAME = "$(TARGET_NAME)";
				TARGETED_DEVICE_FAMILY = "1,2";
			};
			name = Release;
		};
/* End XCBuildConfiguration section */

/* Begin XCConfigurationList section */
		D9156D06225F63CB00EA63EC /* Build configuration list for PBXProject "HDZoomCollectionView" */ = {
			isa = XCConfigurationList;
			buildConfigurations = (
				D9156D1F225F63CC00EA63EC /* Debug */,
				D9156D20225F63CC00EA63EC /* Release */,
			);
			defaultConfigurationIsVisible = 0;
			defaultConfigurationName = Release;
		};
		D9156D21225F63CC00EA63EC /* Build configuration list for PBXNativeTarget "HDZoomCollectionView" */ = {
			isa = XCConfigurationList;
			buildConfigurations = (
				D9156D22225F63CC00EA63EC /* Debug */,
				D9156D23225F63CC00EA63EC /* Release */,
			);
			defaultConfigurationIsVisible = 0;
			defaultConfigurationName = Release;
		};
/* End XCConfigurationList section */
	};
	rootObject = D9156D03225F63CB00EA63EC /* Project object */;
}
